Microsoft Visual Studio Solution File, Format Version 12.00
# Visual Studio Version 17
VisualStudioVersion = 17.4.33205.214
MinimumVisualStudioVersion = 16.0.0
Project("{9A19103F-16F7-4668-BE54-9A1E7A4F7556}") = "TestConcurrency.DF80.2022", "TestConcurrency.DF80.2022.csproj", "{74775BEC-F025-4165-AAEA-10FCE3213029}"
EndProject
Project("{9A19103F-16F7-4668-BE54-9A1E7A4F7556}") = "PkUtils.DF80.2022", "..\..\PkUtils\PkUtils.DF80.2022.csproj", "{DC95620A-B1E3-42D8-91A3-64375808462A}"
EndProject
Global
	GlobalSection(SolutionConfigurationPlatforms) = preSolution
		Debug|Any CPU = Debug|Any CPU
		Release|Any CPU = Release|Any CPU
	EndGlobalSection
	GlobalSection(ProjectConfigurationPlatforms) = postSolution
		{74775BEC-F025-4165-AAEA-10FCE3213029}.Debug|Any CPU.ActiveCfg = Debug|Any CPU
		{74775BEC-F025-4165-AAEA-10FCE3213029}.Debug|Any CPU.Build.0 = Debug|Any CPU
		{74775BEC-F025-4165-AAEA-10FCE3213029}.Release|Any CPU.ActiveCfg = Release|Any CPU
		{74775BEC-F025-4165-AAEA-10FCE3213029}.Release|Any CPU.Build.0 = Release|Any CPU
		{DC95620A-B1E3-42D8-91A3-64375808462A}.Debug|Any CPU.ActiveCfg = Debug|Any CPU
		{DC95620A-B1E3-42D8-91A3-64375808462A}.Debug|Any CPU.Build.0 = Debug|Any CPU
		{DC95620A-B1E3-42D8-91A3-64375808462A}.Release|Any CPU.ActiveCfg = Release|Any CPU
		{DC95620A-B1E3-42D8-91A3-64375808462A}.Release|Any CPU.Build.0 = Release|Any CPU
	EndGlobalSection
	GlobalSection(SolutionProperties) = preSolution
		HideSolutionNode = FALSE
	EndGlobalSection
EndGlobal
