
Microsoft Visual Studio Solution File, Format Version 12.00
# Visual Studio Version 18
Project("{9A19103F-16F7-4668-BE54-9A1E7A4F7556}") = "TestBinding.DF10.2026", "TestBinding.DF10.2026.csproj", "{5F8CF967-A9CB-4A3F-A3FC-E7DED062FCE2}"
EndProject
Project("{9A19103F-16F7-4668-BE54-9A1E7A4F7556}") = "PkUtils.DF10.2026", "..\..\PkUtils\PkUtils.DF10.2026.csproj", "{F9E83645-799D-46CB-BCEB-931FF491D3E8}"
EndProject
Global
	GlobalSection(SolutionConfigurationPlatforms) = preSolution
		Debug|Any CPU = Debug|Any CPU
		Release|Any CPU = Release|Any CPU
	EndGlobalSection
	GlobalSection(ProjectConfigurationPlatforms) = postSolution
		{5F8CF967-A9CB-4A3F-A3FC-E7DED062FCE2}.Debug|Any CPU.ActiveCfg = Debug|Any CPU
		{5F8CF967-A9CB-4A3F-A3FC-E7DED062FCE2}.Debug|Any CPU.Build.0 = Debug|Any CPU
		{5F8CF967-A9CB-4A3F-A3FC-E7DED062FCE2}.Release|Any CPU.ActiveCfg = Release|Any CPU
		{5F8CF967-A9CB-4A3F-A3FC-E7DED062FCE2}.Release|Any CPU.Build.0 = Release|Any CPU
		{F9E83645-799D-46CB-BCEB-931FF491D3E8}.Debug|Any CPU.ActiveCfg = Debug|Any CPU
		{F9E83645-799D-46CB-BCEB-931FF491D3E8}.Debug|Any CPU.Build.0 = Debug|Any CPU
		{F9E83645-799D-46CB-BCEB-931FF491D3E8}.Release|Any CPU.ActiveCfg = Release|Any CPU
		{F9E83645-799D-46CB-BCEB-931FF491D3E8}.Release|Any CPU.Build.0 = Release|Any CPU
	EndGlobalSection
	GlobalSection(SolutionProperties) = preSolution
		HideSolutionNode = FALSE
	EndGlobalSection
	GlobalSection(ExtensibilityGlobals) = postSolution
		SolutionGuid = {08968546-5CB1-4E1F-9D7B-1A4BFFE7EDBC}
	EndGlobalSection
EndGlobal
