Microsoft Visual Studio Solution File, Format Version 12.00
# Visual Studio Version 17
VisualStudioVersion = 17.4.33205.214
MinimumVisualStudioVersion = 16.0.0
Project("{9A19103F-16F7-4668-BE54-9A1E7A4F7556}") = "PK.Commands.DF80.2022", "PK.Commands.DF80.2022.csproj", "{D52D363D-5BEA-466F-B640-7B2B19F27C9D}"
EndProject
Project("{9A19103F-16F7-4668-BE54-9A1E7A4F7556}") = "PkUtils.DF80.2022", "..\PkUtils\PkUtils.DF80.2022.csproj", "{50789F5E-3AE7-4C12-AD4D-E536C9858B20}"
EndProject
Project("{2150E333-8FDC-42A3-9474-1A3956D46DE8}") = "Solution Items", "Solution Items", "{FE7B6D34-1FB5-418C-9CC7-B12200BBA90E}"
EndProject
Project("{FAE04EC0-301F-11D3-BF4B-00C04F79EFBC}") = "PKCommands_NUnitTests.DF80.2022", "..\PKCommands.NUnitTests\PKCommands_NUnitTests.DF80.2022.csproj", "{11839A6D-F314-4FFC-9B7F-1C480C57B179}"
EndProject
Global
	GlobalSection(SolutionConfigurationPlatforms) = preSolution
		Debug|Any CPU = Debug|Any CPU
		Release|Any CPU = Release|Any CPU
	EndGlobalSection
	GlobalSection(ProjectConfigurationPlatforms) = postSolution
		{D52D363D-5BEA-466F-B640-7B2B19F27C9D}.Debug|Any CPU.ActiveCfg = Debug|Any CPU
		{D52D363D-5BEA-466F-B640-7B2B19F27C9D}.Debug|Any CPU.Build.0 = Debug|Any CPU
		{D52D363D-5BEA-466F-B640-7B2B19F27C9D}.Release|Any CPU.ActiveCfg = Release|Any CPU
		{D52D363D-5BEA-466F-B640-7B2B19F27C9D}.Release|Any CPU.Build.0 = Release|Any CPU
		{50789F5E-3AE7-4C12-AD4D-E536C9858B20}.Debug|Any CPU.ActiveCfg = Debug|Any CPU
		{50789F5E-3AE7-4C12-AD4D-E536C9858B20}.Debug|Any CPU.Build.0 = Debug|Any CPU
		{50789F5E-3AE7-4C12-AD4D-E536C9858B20}.Release|Any CPU.ActiveCfg = Release|Any CPU
		{50789F5E-3AE7-4C12-AD4D-E536C9858B20}.Release|Any CPU.Build.0 = Release|Any CPU
		{11839A6D-F314-4FFC-9B7F-1C480C57B179}.Debug|Any CPU.ActiveCfg = Debug|Any CPU
		{11839A6D-F314-4FFC-9B7F-1C480C57B179}.Debug|Any CPU.Build.0 = Debug|Any CPU
		{11839A6D-F314-4FFC-9B7F-1C480C57B179}.Release|Any CPU.ActiveCfg = Release|Any CPU
		{11839A6D-F314-4FFC-9B7F-1C480C57B179}.Release|Any CPU.Build.0 = Release|Any CPU
	EndGlobalSection
	GlobalSection(SolutionProperties) = preSolution
		HideSolutionNode = FALSE
	EndGlobalSection
	GlobalSection(ExtensibilityGlobals) = postSolution
		SolutionGuid = {9C74F428-4CA7-40B7-B75F-3626FBDC4BA6}
	EndGlobalSection
EndGlobal
