Microsoft Visual Studio Solution File, Format Version 12.00
# Visual Studio Version 17
VisualStudioVersion = 17.5.33424.131
MinimumVisualStudioVersion = 16.0.0
Project("{9A19103F-16F7-4668-BE54-9A1E7A4F7556}") = "PkUtils.DF80.2022", "PkUtils.DF80.2022.csproj", "{E883E935-BFBD-44B3-A0A5-C878441CF875}"
EndProject
Project("{9A19103F-16F7-4668-BE54-9A1E7A4F7556}") = "PkUtils_UnitTests.DF80.2022", "..\PkUtils.UnitTests\PkUtils_UnitTests.DF80.2022.csproj", "{5BF79AF9-F3FC-4D0C-A042-D7A8639EC549}"
EndProject
Project("{9A19103F-16F7-4668-BE54-9A1E7A4F7556}") = "PkUtils_NUnitTests.DF80.2022", "..\PkUtils.NUnitTests\PkUtils_NUnitTests.DF80.2022.csproj", "{96DEB0FD-A28A-420D-BB36-E796216F4D78}"
EndProject
Global
	GlobalSection(SolutionConfigurationPlatforms) = preSolution
		Debug|Any CPU = Debug|Any CPU
		Release|Any CPU = Release|Any CPU
	EndGlobalSection
	GlobalSection(ProjectConfigurationPlatforms) = postSolution
		{E883E935-BFBD-44B3-A0A5-C878441CF875}.Debug|Any CPU.ActiveCfg = Debug|Any CPU
		{E883E935-BFBD-44B3-A0A5-C878441CF875}.Debug|Any CPU.Build.0 = Debug|Any CPU
		{E883E935-BFBD-44B3-A0A5-C878441CF875}.Release|Any CPU.ActiveCfg = Release|Any CPU
		{E883E935-BFBD-44B3-A0A5-C878441CF875}.Release|Any CPU.Build.0 = Release|Any CPU
		{5BF79AF9-F3FC-4D0C-A042-D7A8639EC549}.Debug|Any CPU.ActiveCfg = Debug|Any CPU
		{5BF79AF9-F3FC-4D0C-A042-D7A8639EC549}.Debug|Any CPU.Build.0 = Debug|Any CPU
		{5BF79AF9-F3FC-4D0C-A042-D7A8639EC549}.Release|Any CPU.ActiveCfg = Release|Any CPU
		{5BF79AF9-F3FC-4D0C-A042-D7A8639EC549}.Release|Any CPU.Build.0 = Release|Any CPU
		{96DEB0FD-A28A-420D-BB36-E796216F4D78}.Debug|Any CPU.ActiveCfg = Debug|Any CPU
		{96DEB0FD-A28A-420D-BB36-E796216F4D78}.Debug|Any CPU.Build.0 = Debug|Any CPU
		{96DEB0FD-A28A-420D-BB36-E796216F4D78}.Release|Any CPU.ActiveCfg = Release|Any CPU
		{96DEB0FD-A28A-420D-BB36-E796216F4D78}.Release|Any CPU.Build.0 = Release|Any CPU
	EndGlobalSection
	GlobalSection(SolutionProperties) = preSolution
		HideSolutionNode = FALSE
	EndGlobalSection
	GlobalSection(ExtensibilityGlobals) = postSolution
		SolutionGuid = {829C42B4-69D9-4BA7-9697-2070181B5A31}
	EndGlobalSection
EndGlobal
