Microsoft Visual Studio Solution File, Format Version 12.00
# Visual Studio Version 18
Project("{9A19103F-16F7-4668-BE54-9A1E7A4F7556}") = "PkUtils.DF10.2026", "..\..\PkUtils\PkUtils.DF10.2026.csproj", "{C0562198-DA06-4E3D-970F-06462E1BEB32}"
EndProject
Project("{FAE04EC0-301F-11D3-BF4B-00C04F79EFBC}") = "TestWeakRef.DF10.2026", "TestWeakRef.DF10.2026.csproj", "{443665EA-1D4F-D84E-D9B3-86A1A24D29FF}"
EndProject
Global
	GlobalSection(SolutionConfigurationPlatforms) = preSolution
		Debug|Any CPU = Debug|Any CPU
		Release|Any CPU = Release|Any CPU
	EndGlobalSection
	GlobalSection(ProjectConfigurationPlatforms) = postSolution
		{C0562198-DA06-4E3D-970F-06462E1BEB32}.Debug|Any CPU.ActiveCfg = Debug|Any CPU
		{C0562198-DA06-4E3D-970F-06462E1BEB32}.Debug|Any CPU.Build.0 = Debug|Any CPU
		{C0562198-DA06-4E3D-970F-06462E1BEB32}.Release|Any CPU.ActiveCfg = Release|Any CPU
		{C0562198-DA06-4E3D-970F-06462E1BEB32}.Release|Any CPU.Build.0 = Release|Any CPU
		{443665EA-1D4F-D84E-D9B3-86A1A24D29FF}.Debug|Any CPU.ActiveCfg = Debug|Any CPU
		{443665EA-1D4F-D84E-D9B3-86A1A24D29FF}.Debug|Any CPU.Build.0 = Debug|Any CPU
		{443665EA-1D4F-D84E-D9B3-86A1A24D29FF}.Release|Any CPU.ActiveCfg = Release|Any CPU
		{443665EA-1D4F-D84E-D9B3-86A1A24D29FF}.Release|Any CPU.Build.0 = Release|Any CPU
	EndGlobalSection
	GlobalSection(SolutionProperties) = preSolution
		HideSolutionNode = FALSE
	EndGlobalSection
EndGlobal
