Microsoft Visual Studio Solution File, Format Version 12.00
# Visual Studio Version 18
Project("{9A19103F-16F7-4668-BE54-9A1E7A4F7556}") = "TestTooltip.DF10.2026", "TestTooltip.DF10.2026.csproj", "{CBFE761A-4532-4700-86AD-E128621E7441}"
EndProject
Project("{9A19103F-16F7-4668-BE54-9A1E7A4F7556}") = "PkUtils.DF10.2026", "..\..\PkUtils\PkUtils.DF10.2026.csproj", "{14E25D6C-B679-4092-BDF4-F41EE0E68F75}"
EndProject
Global
	GlobalSection(SolutionConfigurationPlatforms) = preSolution
		Debug|Any CPU = Debug|Any CPU
		Release|Any CPU = Release|Any CPU
	EndGlobalSection
	GlobalSection(ProjectConfigurationPlatforms) = postSolution
		{CBFE761A-4532-4700-86AD-E128621E7441}.Debug|Any CPU.ActiveCfg = Debug|Any CPU
		{CBFE761A-4532-4700-86AD-E128621E7441}.Debug|Any CPU.Build.0 = Debug|Any CPU
		{CBFE761A-4532-4700-86AD-E128621E7441}.Release|Any CPU.ActiveCfg = Release|Any CPU
		{CBFE761A-4532-4700-86AD-E128621E7441}.Release|Any CPU.Build.0 = Release|Any CPU
		{14E25D6C-B679-4092-BDF4-F41EE0E68F75}.Debug|Any CPU.ActiveCfg = Debug|Any CPU
		{14E25D6C-B679-4092-BDF4-F41EE0E68F75}.Debug|Any CPU.Build.0 = Debug|Any CPU
		{14E25D6C-B679-4092-BDF4-F41EE0E68F75}.Release|Any CPU.ActiveCfg = Release|Any CPU
		{14E25D6C-B679-4092-BDF4-F41EE0E68F75}.Release|Any CPU.Build.0 = Release|Any CPU
	EndGlobalSection
	GlobalSection(SolutionProperties) = preSolution
		HideSolutionNode = FALSE
	EndGlobalSection
EndGlobal
