
Microsoft Visual Studio Solution File, Format Version 12.00
# Visual Studio Version 17
VisualStudioVersion = 17.4.33205.214
MinimumVisualStudioVersion = 16.0.0
Project("{9A19103F-16F7-4668-BE54-9A1E7A4F7556}") = "PKCommands_NUnitTests.DF90.2022", "PKCommands_NUnitTests.DF90.2022.csproj", "{FC469AC1-2D61-4B3D-AFE8-73332078C991}"
EndProject
Project("{9A19103F-16F7-4668-BE54-9A1E7A4F7556}") = "PK.Commands.DF90.2022", "..\PKCommands\PK.Commands.DF90.2022.csproj", "{9DCAAF8D-8E2F-4E62-81FF-B555F79726FE}"
EndProject
Project("{9A19103F-16F7-4668-BE54-9A1E7A4F7556}") = "PkUtils.DF90.2022", "..\PkUtils\PkUtils.DF90.2022.csproj", "{34468D43-96B2-4A7A-A53B-F4DFA4C6A28F}"
EndProject
Global
	GlobalSection(SolutionConfigurationPlatforms) = preSolution
		Debug|Any CPU = Debug|Any CPU
		Release|Any CPU = Release|Any CPU
	EndGlobalSection
	GlobalSection(ProjectConfigurationPlatforms) = postSolution
		{FC469AC1-2D61-4B3D-AFE8-73332078C991}.Debug|Any CPU.ActiveCfg = Debug|Any CPU
		{FC469AC1-2D61-4B3D-AFE8-73332078C991}.Debug|Any CPU.Build.0 = Debug|Any CPU
		{FC469AC1-2D61-4B3D-AFE8-73332078C991}.Release|Any CPU.ActiveCfg = Release|Any CPU
		{FC469AC1-2D61-4B3D-AFE8-73332078C991}.Release|Any CPU.Build.0 = Release|Any CPU
		{9DCAAF8D-8E2F-4E62-81FF-B555F79726FE}.Debug|Any CPU.ActiveCfg = Debug|Any CPU
		{9DCAAF8D-8E2F-4E62-81FF-B555F79726FE}.Debug|Any CPU.Build.0 = Debug|Any CPU
		{9DCAAF8D-8E2F-4E62-81FF-B555F79726FE}.Release|Any CPU.ActiveCfg = Release|Any CPU
		{9DCAAF8D-8E2F-4E62-81FF-B555F79726FE}.Release|Any CPU.Build.0 = Release|Any CPU
		{34468D43-96B2-4A7A-A53B-F4DFA4C6A28F}.Debug|Any CPU.ActiveCfg = Debug|Any CPU
		{34468D43-96B2-4A7A-A53B-F4DFA4C6A28F}.Debug|Any CPU.Build.0 = Debug|Any CPU
		{34468D43-96B2-4A7A-A53B-F4DFA4C6A28F}.Release|Any CPU.ActiveCfg = Release|Any CPU
		{34468D43-96B2-4A7A-A53B-F4DFA4C6A28F}.Release|Any CPU.Build.0 = Release|Any CPU
	EndGlobalSection
	GlobalSection(SolutionProperties) = preSolution
		HideSolutionNode = FALSE
	EndGlobalSection
	GlobalSection(ExtensibilityGlobals) = postSolution
		SolutionGuid = {2AF380D6-70B6-4AB6-AAF5-DA412737BA0E}
	EndGlobalSection
EndGlobal
