
Microsoft Visual Studio Solution File, Format Version 12.00
# Visual Studio Version 17
VisualStudioVersion = 17.4.33205.214
MinimumVisualStudioVersion = 16.0.0
Project("{2150E333-8FDC-42A3-9474-1A3956D46DE8}") = "Solution Items", "Solution Items", "{8A761334-FDDC-4AFA-9214-B40E046D4129}"
EndProject
Project("{2150E333-8FDC-42A3-9474-1A3956D46DE8}") = "TestSharedMemory", "TestSharedMemory", "{4FC314CD-5870-40E4-B217-8212B72A0A63}"
EndProject
Project("{2150E333-8FDC-42A3-9474-1A3956D46DE8}") = "TestTgSchema", "TestTgSchema", "{4851580D-183D-4291-AB1B-5601AC320678}"
EndProject
Project("{2150E333-8FDC-42A3-9474-1A3956D46DE8}") = "TestCSDoesShell", "TestCSDoesShell", "{72EACD1C-9DE0-4FE9-9DD5-7691B11C483C}"
EndProject
Project("{9A19103F-16F7-4668-BE54-9A1E7A4F7556}") = "PkUtils.DF80.2022", "..\PkUtils\PkUtils.DF80.2022.csproj", "{FDE4FB14-568A-4184-B173-FFDB6AAA94B2}"
EndProject
Project("{9A19103F-16F7-4668-BE54-9A1E7A4F7556}") = "TestCSDoesShell_1.DF80.2022", "TestC#DoesShell_1\TestCSDoesShell_1.DF80.2022.csproj", "{586C6DEA-7347-4294-8D93-A2E2CCE89D10}"
EndProject
Project("{9A19103F-16F7-4668-BE54-9A1E7A4F7556}") = "TestCSDoesShell_2.DF80.2022", "TestC#DoesShell_2\TestCSDoesShell_2.DF80.2022.csproj", "{C5E6B9DC-E767-4229-BA28-A95725834FCF}"
EndProject
Project("{9A19103F-16F7-4668-BE54-9A1E7A4F7556}") = "TestCSDoesShell_3.DF80.2022", "TestC#DoesShell_3\TestCSDoesShell_3.DF80.2022.csproj", "{10F6F056-6842-42A0-A42E-E5F791EC7404}"
EndProject
Project("{9A19103F-16F7-4668-BE54-9A1E7A4F7556}") = "TestBinding.DF80.2022", "TestBinding\TestBinding.DF80.2022.csproj", "{34563E6D-6F89-43C5-91AB-32219ECB36EA}"
EndProject
Project("{9A19103F-16F7-4668-BE54-9A1E7A4F7556}") = "TestClipMon.DF80.2022", "TestClipboardMonitor\TestClipMon.DF80.2022.csproj", "{156A3A71-A70D-4260-8478-9ADFFCDEF59D}"
EndProject
Project("{9A19103F-16F7-4668-BE54-9A1E7A4F7556}") = "TestCloning.DF80.2022", "TestCloning\TestCloning.DF80.2022.csproj", "{DB30B452-8C13-47EF-863E-36C41922E10C}"
EndProject
Project("{9A19103F-16F7-4668-BE54-9A1E7A4F7556}") = "TestComparers.DF80.2022", "TestComparers\TestComparers.DF80.2022.csproj", "{BFDB29A7-A23D-41CB-803E-FD60FFCA8AA0}"
EndProject
Project("{9A19103F-16F7-4668-BE54-9A1E7A4F7556}") = "TestCompositeImages.DF80.2022", "TestCompositeImages\TestCompositeImages.DF80.2022.csproj", "{82EAB261-61FB-4ED7-B876-7D474EAE6E86}"
EndProject
Project("{9A19103F-16F7-4668-BE54-9A1E7A4F7556}") = "TestConcurrency.DF80.2022", "TestConcurrency\TestConcurrency.DF80.2022.csproj", "{6BD44DB4-BD38-47FE-8476-B39B23A8EFF3}"
EndProject
Project("{9A19103F-16F7-4668-BE54-9A1E7A4F7556}") = "TestDumperTextWriter.DF80.2022", "TestDumperTextWriter\TestDumperTextWriter.DF80.2022.csproj", "{4B0054C4-FB8F-41C9-B827-D54DF22E87CA}"
EndProject
Project("{9A19103F-16F7-4668-BE54-9A1E7A4F7556}") = "TestErrorDisplay.DF80.2022", "TestErrorDisplay\TestErrorDisplay.DF80.2022.csproj", "{B7068877-96AC-461A-B91F-3B8CA413629C}"
EndProject
Project("{9A19103F-16F7-4668-BE54-9A1E7A4F7556}") = "TestExceptionHelper.DF80.2022", "TestExceptionHelper\TestExceptionHelper.DF80.2022.csproj", "{C87C1D08-27EC-4EA0-B0BA-F20E447FFBDF}"
EndProject
Project("{9A19103F-16F7-4668-BE54-9A1E7A4F7556}") = "TestFileLock.DF80.2022", "TestFileLock\TestFileLock.DF80.2022.csproj", "{46C7D27C-ADDB-4E45-9569-C462902F1BEB}"
EndProject
Project("{9A19103F-16F7-4668-BE54-9A1E7A4F7556}") = "TestGetFiles.DF80.2022", "TestGetFiles\TestGetFiles.DF80.2022.csproj", "{5358453A-ADE9-4FF1-8F92-D273DAE2A481}"
EndProject
Project("{9A19103F-16F7-4668-BE54-9A1E7A4F7556}") = "Testmemcmp.DF80.2022", "Testmemcmp\Testmemcmp.DF80.2022.csproj", "{56CE84EC-D798-4CEC-9678-8882D70C4948}"
EndProject
Project("{9A19103F-16F7-4668-BE54-9A1E7A4F7556}") = "TestMsgBoxObserver.DF80.2022", "TestMsgBoxObserver\TestMsgBoxObserver.DF80.2022.csproj", "{D4CC53C0-D786-4872-8BB1-E99CA6F0DC24}"
EndProject
Project("{9A19103F-16F7-4668-BE54-9A1E7A4F7556}") = "TestMsgBoxYesNoAll.DF80.2022", "TestMsgBoxYesNoAll\TestMsgBoxYesNoAll.DF80.2022.csproj", "{E33A843B-CA16-4B75-9853-7B6BDB8DCAC4}"
EndProject
Project("{9A19103F-16F7-4668-BE54-9A1E7A4F7556}") = "TestSerialPortListener.DF80.2022", "TestSerialPortListener\TestSerialPortListener.DF80.2022.csproj", "{9F654F0E-613D-4E77-8E91-7F296026AAE5}"
EndProject
Project("{9A19103F-16F7-4668-BE54-9A1E7A4F7556}") = "TestSharedMemClient.DF80.2022", "TestSharedMemory\TestSharedMemClient\TestSharedMemClient.DF80.2022.csproj", "{18C8494E-8E80-4EAA-9F47-B5A6FE40F792}"
EndProject
Project("{9A19103F-16F7-4668-BE54-9A1E7A4F7556}") = "TestSharedMemServer.DF80.2022", "TestSharedMemory\TestSharedMemServer\TestSharedMemServer.DF80.2022.csproj", "{FE59F4F5-6ADD-44E5-A068-8BAFC06C3123}"
EndProject
Project("{9A19103F-16F7-4668-BE54-9A1E7A4F7556}") = "TestSharedMemXferObj.DF80.2022", "TestSharedMemory\TestSharedMemXferObj\TestSharedMemXferObj.DF80.2022.csproj", "{DCDA66B2-4138-4A67-A023-91A5993F6DC9}"
EndProject
Project("{9A19103F-16F7-4668-BE54-9A1E7A4F7556}") = "TestSingletonGeneric.DF80.2022", "TestSingletonGeneric\TestSingletonGeneric.DF80.2022.csproj", "{120C5DD6-5AAC-45C4-871C-2D23D5D5F6B8}"
EndProject
Project("{9A19103F-16F7-4668-BE54-9A1E7A4F7556}") = "TestSplash.DF80.2022", "TestSplash\TestSplash.DF80.2022.csproj", "{A2DC1DA1-7C74-4417-8218-FB72FA463138}"
EndProject
Project("{9A19103F-16F7-4668-BE54-9A1E7A4F7556}") = "SubstEditLib.DF80.2022", "TestSubstEdit\TestSubstEdit_CS\SubstEditLib\SubstEditLib.DF80.2022.csproj", "{4124E976-0A77-42A6-8E4E-98FE3052D9C7}"
EndProject
Project("{9A19103F-16F7-4668-BE54-9A1E7A4F7556}") = "TestTgSchema.DF80.2022", "TestSubstEdit\TestSubstEdit_CS\TestTgSchema\TestTgSchema.DF80.2022.csproj", "{03AF070B-57F1-4999-AE36-E468F764C072}"
EndProject
Project("{9A19103F-16F7-4668-BE54-9A1E7A4F7556}") = "TestSystemHooking.DF80.2022", "TestSystemHooking\TestSystemHooking.DF80.2022.csproj", "{A7FBCBF9-1A2D-44CB-8F53-FD9EC1FC21C1}"
EndProject
Project("{9A19103F-16F7-4668-BE54-9A1E7A4F7556}") = "TestTaskDialog.DF80.2022", "TestTaskDialog\TestTaskDialog.DF80.2022.csproj", "{181A9715-2809-4AA7-82CF-3AC614F68995}"
EndProject
Project("{9A19103F-16F7-4668-BE54-9A1E7A4F7556}") = "TestTooltip.DF80.2022", "TestTooltip\TestTooltip.DF80.2022.csproj", "{C2CA5172-41A1-4E6F-B820-240255F290BE}"
EndProject
Project("{9A19103F-16F7-4668-BE54-9A1E7A4F7556}") = "TestXmlSerializer.DF80.2022", "TestXMLSerializer\TestXmlSerializer.DF80.2022.csproj", "{B5822A37-8F0C-42FB-8694-DD9AFB297251}"
EndProject
Project("{9A19103F-16F7-4668-BE54-9A1E7A4F7556}") = "TestPropertyGridCustomCollectionEditor.DF80.2022", "TestPropertyGridCustomCollectionEditor\TestPropertyGridCustomCollectionEditor.DF80.2022.csproj", "{0AC26414-F6FB-49B2-9F7E-F4150A3A0138}"
EndProject
Project("{9A19103F-16F7-4668-BE54-9A1E7A4F7556}") = "TestWeakRefDF80.2022", "TestWeakRef\TestWeakRefDF80.2022.csproj", "{EBA5702E-64C7-4621-8076-1F23E1EFDEDD}"
EndProject
Project("{FAE04EC0-301F-11D3-BF4B-00C04F79EFBC}") = "TestConsoleAppWithIcon.DF80.2022", "TestConsoleAppWithIcon\TestConsoleAppWithIcon.DF80.2022.csproj", "{AB2E0BDB-2CC4-8488-55D4-EC0842303E5A}"
EndProject
Project("{FAE04EC0-301F-11D3-BF4B-00C04F79EFBC}") = "TestMultiSelectTreeview.DF80.2022", "TestMultiSelectTreeview\TestMultiSelectTreeview.DF80.2022.csproj", "{6610C0B4-F9B6-ECC4-3AE4-1630E1DA9E20}"
EndProject
Global
	GlobalSection(SolutionConfigurationPlatforms) = preSolution
		Debug|Any CPU = Debug|Any CPU
		Release|Any CPU = Release|Any CPU
	EndGlobalSection
	GlobalSection(ProjectConfigurationPlatforms) = postSolution
		{FDE4FB14-568A-4184-B173-FFDB6AAA94B2}.Debug|Any CPU.ActiveCfg = Debug|Any CPU
		{FDE4FB14-568A-4184-B173-FFDB6AAA94B2}.Debug|Any CPU.Build.0 = Debug|Any CPU
		{FDE4FB14-568A-4184-B173-FFDB6AAA94B2}.Release|Any CPU.ActiveCfg = Release|Any CPU
		{FDE4FB14-568A-4184-B173-FFDB6AAA94B2}.Release|Any CPU.Build.0 = Release|Any CPU
		{586C6DEA-7347-4294-8D93-A2E2CCE89D10}.Debug|Any CPU.ActiveCfg = Debug|Any CPU
		{586C6DEA-7347-4294-8D93-A2E2CCE89D10}.Debug|Any CPU.Build.0 = Debug|Any CPU
		{586C6DEA-7347-4294-8D93-A2E2CCE89D10}.Release|Any CPU.ActiveCfg = Release|Any CPU
		{586C6DEA-7347-4294-8D93-A2E2CCE89D10}.Release|Any CPU.Build.0 = Release|Any CPU
		{C5E6B9DC-E767-4229-BA28-A95725834FCF}.Debug|Any CPU.ActiveCfg = Debug|Any CPU
		{C5E6B9DC-E767-4229-BA28-A95725834FCF}.Debug|Any CPU.Build.0 = Debug|Any CPU
		{C5E6B9DC-E767-4229-BA28-A95725834FCF}.Release|Any CPU.ActiveCfg = Release|Any CPU
		{C5E6B9DC-E767-4229-BA28-A95725834FCF}.Release|Any CPU.Build.0 = Release|Any CPU
		{10F6F056-6842-42A0-A42E-E5F791EC7404}.Debug|Any CPU.ActiveCfg = Debug|Any CPU
		{10F6F056-6842-42A0-A42E-E5F791EC7404}.Debug|Any CPU.Build.0 = Debug|Any CPU
		{10F6F056-6842-42A0-A42E-E5F791EC7404}.Release|Any CPU.ActiveCfg = Release|Any CPU
		{10F6F056-6842-42A0-A42E-E5F791EC7404}.Release|Any CPU.Build.0 = Release|Any CPU
		{34563E6D-6F89-43C5-91AB-32219ECB36EA}.Debug|Any CPU.ActiveCfg = Debug|Any CPU
		{34563E6D-6F89-43C5-91AB-32219ECB36EA}.Debug|Any CPU.Build.0 = Debug|Any CPU
		{34563E6D-6F89-43C5-91AB-32219ECB36EA}.Release|Any CPU.ActiveCfg = Release|Any CPU
		{34563E6D-6F89-43C5-91AB-32219ECB36EA}.Release|Any CPU.Build.0 = Release|Any CPU
		{156A3A71-A70D-4260-8478-9ADFFCDEF59D}.Debug|Any CPU.ActiveCfg = Debug|Any CPU
		{156A3A71-A70D-4260-8478-9ADFFCDEF59D}.Debug|Any CPU.Build.0 = Debug|Any CPU
		{156A3A71-A70D-4260-8478-9ADFFCDEF59D}.Release|Any CPU.ActiveCfg = Release|Any CPU
		{156A3A71-A70D-4260-8478-9ADFFCDEF59D}.Release|Any CPU.Build.0 = Release|Any CPU
		{DB30B452-8C13-47EF-863E-36C41922E10C}.Debug|Any CPU.ActiveCfg = Debug|Any CPU
		{DB30B452-8C13-47EF-863E-36C41922E10C}.Debug|Any CPU.Build.0 = Debug|Any CPU
		{DB30B452-8C13-47EF-863E-36C41922E10C}.Release|Any CPU.ActiveCfg = Release|Any CPU
		{DB30B452-8C13-47EF-863E-36C41922E10C}.Release|Any CPU.Build.0 = Release|Any CPU
		{BFDB29A7-A23D-41CB-803E-FD60FFCA8AA0}.Debug|Any CPU.ActiveCfg = Debug|Any CPU
		{BFDB29A7-A23D-41CB-803E-FD60FFCA8AA0}.Debug|Any CPU.Build.0 = Debug|Any CPU
		{BFDB29A7-A23D-41CB-803E-FD60FFCA8AA0}.Release|Any CPU.ActiveCfg = Release|Any CPU
		{BFDB29A7-A23D-41CB-803E-FD60FFCA8AA0}.Release|Any CPU.Build.0 = Release|Any CPU
		{82EAB261-61FB-4ED7-B876-7D474EAE6E86}.Debug|Any CPU.ActiveCfg = Debug|Any CPU
		{82EAB261-61FB-4ED7-B876-7D474EAE6E86}.Debug|Any CPU.Build.0 = Debug|Any CPU
		{82EAB261-61FB-4ED7-B876-7D474EAE6E86}.Release|Any CPU.ActiveCfg = Release|Any CPU
		{82EAB261-61FB-4ED7-B876-7D474EAE6E86}.Release|Any CPU.Build.0 = Release|Any CPU
		{6BD44DB4-BD38-47FE-8476-B39B23A8EFF3}.Debug|Any CPU.ActiveCfg = Debug|Any CPU
		{6BD44DB4-BD38-47FE-8476-B39B23A8EFF3}.Debug|Any CPU.Build.0 = Debug|Any CPU
		{6BD44DB4-BD38-47FE-8476-B39B23A8EFF3}.Release|Any CPU.ActiveCfg = Release|Any CPU
		{6BD44DB4-BD38-47FE-8476-B39B23A8EFF3}.Release|Any CPU.Build.0 = Release|Any CPU
		{4B0054C4-FB8F-41C9-B827-D54DF22E87CA}.Debug|Any CPU.ActiveCfg = Debug|Any CPU
		{4B0054C4-FB8F-41C9-B827-D54DF22E87CA}.Debug|Any CPU.Build.0 = Debug|Any CPU
		{4B0054C4-FB8F-41C9-B827-D54DF22E87CA}.Release|Any CPU.ActiveCfg = Release|Any CPU
		{4B0054C4-FB8F-41C9-B827-D54DF22E87CA}.Release|Any CPU.Build.0 = Release|Any CPU
		{B7068877-96AC-461A-B91F-3B8CA413629C}.Debug|Any CPU.ActiveCfg = Debug|Any CPU
		{B7068877-96AC-461A-B91F-3B8CA413629C}.Debug|Any CPU.Build.0 = Debug|Any CPU
		{B7068877-96AC-461A-B91F-3B8CA413629C}.Release|Any CPU.ActiveCfg = Release|Any CPU
		{B7068877-96AC-461A-B91F-3B8CA413629C}.Release|Any CPU.Build.0 = Release|Any CPU
		{C87C1D08-27EC-4EA0-B0BA-F20E447FFBDF}.Debug|Any CPU.ActiveCfg = Debug|Any CPU
		{C87C1D08-27EC-4EA0-B0BA-F20E447FFBDF}.Debug|Any CPU.Build.0 = Debug|Any CPU
		{C87C1D08-27EC-4EA0-B0BA-F20E447FFBDF}.Release|Any CPU.ActiveCfg = Release|Any CPU
		{C87C1D08-27EC-4EA0-B0BA-F20E447FFBDF}.Release|Any CPU.Build.0 = Release|Any CPU
		{46C7D27C-ADDB-4E45-9569-C462902F1BEB}.Debug|Any CPU.ActiveCfg = Debug|Any CPU
		{46C7D27C-ADDB-4E45-9569-C462902F1BEB}.Debug|Any CPU.Build.0 = Debug|Any CPU
		{46C7D27C-ADDB-4E45-9569-C462902F1BEB}.Release|Any CPU.ActiveCfg = Release|Any CPU
		{46C7D27C-ADDB-4E45-9569-C462902F1BEB}.Release|Any CPU.Build.0 = Release|Any CPU
		{5358453A-ADE9-4FF1-8F92-D273DAE2A481}.Debug|Any CPU.ActiveCfg = Debug|Any CPU
		{5358453A-ADE9-4FF1-8F92-D273DAE2A481}.Debug|Any CPU.Build.0 = Debug|Any CPU
		{5358453A-ADE9-4FF1-8F92-D273DAE2A481}.Release|Any CPU.ActiveCfg = Release|Any CPU
		{5358453A-ADE9-4FF1-8F92-D273DAE2A481}.Release|Any CPU.Build.0 = Release|Any CPU
		{56CE84EC-D798-4CEC-9678-8882D70C4948}.Debug|Any CPU.ActiveCfg = Debug|Any CPU
		{56CE84EC-D798-4CEC-9678-8882D70C4948}.Debug|Any CPU.Build.0 = Debug|Any CPU
		{56CE84EC-D798-4CEC-9678-8882D70C4948}.Release|Any CPU.ActiveCfg = Release|Any CPU
		{56CE84EC-D798-4CEC-9678-8882D70C4948}.Release|Any CPU.Build.0 = Release|Any CPU
		{D4CC53C0-D786-4872-8BB1-E99CA6F0DC24}.Debug|Any CPU.ActiveCfg = Debug|Any CPU
		{D4CC53C0-D786-4872-8BB1-E99CA6F0DC24}.Debug|Any CPU.Build.0 = Debug|Any CPU
		{D4CC53C0-D786-4872-8BB1-E99CA6F0DC24}.Release|Any CPU.ActiveCfg = Release|Any CPU
		{D4CC53C0-D786-4872-8BB1-E99CA6F0DC24}.Release|Any CPU.Build.0 = Release|Any CPU
		{E33A843B-CA16-4B75-9853-7B6BDB8DCAC4}.Debug|Any CPU.ActiveCfg = Debug|Any CPU
		{E33A843B-CA16-4B75-9853-7B6BDB8DCAC4}.Debug|Any CPU.Build.0 = Debug|Any CPU
		{E33A843B-CA16-4B75-9853-7B6BDB8DCAC4}.Release|Any CPU.ActiveCfg = Release|Any CPU
		{E33A843B-CA16-4B75-9853-7B6BDB8DCAC4}.Release|Any CPU.Build.0 = Release|Any CPU
		{9F654F0E-613D-4E77-8E91-7F296026AAE5}.Debug|Any CPU.ActiveCfg = Debug|Any CPU
		{9F654F0E-613D-4E77-8E91-7F296026AAE5}.Debug|Any CPU.Build.0 = Debug|Any CPU
		{9F654F0E-613D-4E77-8E91-7F296026AAE5}.Release|Any CPU.ActiveCfg = Release|Any CPU
		{9F654F0E-613D-4E77-8E91-7F296026AAE5}.Release|Any CPU.Build.0 = Release|Any CPU
		{18C8494E-8E80-4EAA-9F47-B5A6FE40F792}.Debug|Any CPU.ActiveCfg = Debug|Any CPU
		{18C8494E-8E80-4EAA-9F47-B5A6FE40F792}.Debug|Any CPU.Build.0 = Debug|Any CPU
		{18C8494E-8E80-4EAA-9F47-B5A6FE40F792}.Release|Any CPU.ActiveCfg = Release|Any CPU
		{18C8494E-8E80-4EAA-9F47-B5A6FE40F792}.Release|Any CPU.Build.0 = Release|Any CPU
		{FE59F4F5-6ADD-44E5-A068-8BAFC06C3123}.Debug|Any CPU.ActiveCfg = Debug|Any CPU
		{FE59F4F5-6ADD-44E5-A068-8BAFC06C3123}.Debug|Any CPU.Build.0 = Debug|Any CPU
		{FE59F4F5-6ADD-44E5-A068-8BAFC06C3123}.Release|Any CPU.ActiveCfg = Release|Any CPU
		{FE59F4F5-6ADD-44E5-A068-8BAFC06C3123}.Release|Any CPU.Build.0 = Release|Any CPU
		{DCDA66B2-4138-4A67-A023-91A5993F6DC9}.Debug|Any CPU.ActiveCfg = Debug|Any CPU
		{DCDA66B2-4138-4A67-A023-91A5993F6DC9}.Debug|Any CPU.Build.0 = Debug|Any CPU
		{DCDA66B2-4138-4A67-A023-91A5993F6DC9}.Release|Any CPU.ActiveCfg = Release|Any CPU
		{DCDA66B2-4138-4A67-A023-91A5993F6DC9}.Release|Any CPU.Build.0 = Release|Any CPU
		{120C5DD6-5AAC-45C4-871C-2D23D5D5F6B8}.Debug|Any CPU.ActiveCfg = Debug|Any CPU
		{120C5DD6-5AAC-45C4-871C-2D23D5D5F6B8}.Debug|Any CPU.Build.0 = Debug|Any CPU
		{120C5DD6-5AAC-45C4-871C-2D23D5D5F6B8}.Release|Any CPU.ActiveCfg = Release|Any CPU
		{120C5DD6-5AAC-45C4-871C-2D23D5D5F6B8}.Release|Any CPU.Build.0 = Release|Any CPU
		{A2DC1DA1-7C74-4417-8218-FB72FA463138}.Debug|Any CPU.ActiveCfg = Debug|Any CPU
		{A2DC1DA1-7C74-4417-8218-FB72FA463138}.Debug|Any CPU.Build.0 = Debug|Any CPU
		{A2DC1DA1-7C74-4417-8218-FB72FA463138}.Release|Any CPU.ActiveCfg = Release|Any CPU
		{A2DC1DA1-7C74-4417-8218-FB72FA463138}.Release|Any CPU.Build.0 = Release|Any CPU
		{4124E976-0A77-42A6-8E4E-98FE3052D9C7}.Debug|Any CPU.ActiveCfg = Debug|Any CPU
		{4124E976-0A77-42A6-8E4E-98FE3052D9C7}.Debug|Any CPU.Build.0 = Debug|Any CPU
		{4124E976-0A77-42A6-8E4E-98FE3052D9C7}.Release|Any CPU.ActiveCfg = Release|Any CPU
		{4124E976-0A77-42A6-8E4E-98FE3052D9C7}.Release|Any CPU.Build.0 = Release|Any CPU
		{03AF070B-57F1-4999-AE36-E468F764C072}.Debug|Any CPU.ActiveCfg = Debug|Any CPU
		{03AF070B-57F1-4999-AE36-E468F764C072}.Debug|Any CPU.Build.0 = Debug|Any CPU
		{03AF070B-57F1-4999-AE36-E468F764C072}.Release|Any CPU.ActiveCfg = Release|Any CPU
		{03AF070B-57F1-4999-AE36-E468F764C072}.Release|Any CPU.Build.0 = Release|Any CPU
		{A7FBCBF9-1A2D-44CB-8F53-FD9EC1FC21C1}.Debug|Any CPU.ActiveCfg = Debug|Any CPU
		{A7FBCBF9-1A2D-44CB-8F53-FD9EC1FC21C1}.Debug|Any CPU.Build.0 = Debug|Any CPU
		{A7FBCBF9-1A2D-44CB-8F53-FD9EC1FC21C1}.Release|Any CPU.ActiveCfg = Release|Any CPU
		{A7FBCBF9-1A2D-44CB-8F53-FD9EC1FC21C1}.Release|Any CPU.Build.0 = Release|Any CPU
		{181A9715-2809-4AA7-82CF-3AC614F68995}.Debug|Any CPU.ActiveCfg = Debug|Any CPU
		{181A9715-2809-4AA7-82CF-3AC614F68995}.Debug|Any CPU.Build.0 = Debug|Any CPU
		{181A9715-2809-4AA7-82CF-3AC614F68995}.Release|Any CPU.ActiveCfg = Release|Any CPU
		{181A9715-2809-4AA7-82CF-3AC614F68995}.Release|Any CPU.Build.0 = Release|Any CPU
		{C2CA5172-41A1-4E6F-B820-240255F290BE}.Debug|Any CPU.ActiveCfg = Debug|Any CPU
		{C2CA5172-41A1-4E6F-B820-240255F290BE}.Debug|Any CPU.Build.0 = Debug|Any CPU
		{C2CA5172-41A1-4E6F-B820-240255F290BE}.Release|Any CPU.ActiveCfg = Release|Any CPU
		{C2CA5172-41A1-4E6F-B820-240255F290BE}.Release|Any CPU.Build.0 = Release|Any CPU
		{B5822A37-8F0C-42FB-8694-DD9AFB297251}.Debug|Any CPU.ActiveCfg = Debug|Any CPU
		{B5822A37-8F0C-42FB-8694-DD9AFB297251}.Debug|Any CPU.Build.0 = Debug|Any CPU
		{B5822A37-8F0C-42FB-8694-DD9AFB297251}.Release|Any CPU.ActiveCfg = Release|Any CPU
		{B5822A37-8F0C-42FB-8694-DD9AFB297251}.Release|Any CPU.Build.0 = Release|Any CPU
		{0AC26414-F6FB-49B2-9F7E-F4150A3A0138}.Debug|Any CPU.ActiveCfg = Debug|Any CPU
		{0AC26414-F6FB-49B2-9F7E-F4150A3A0138}.Debug|Any CPU.Build.0 = Debug|Any CPU
		{0AC26414-F6FB-49B2-9F7E-F4150A3A0138}.Release|Any CPU.ActiveCfg = Release|Any CPU
		{0AC26414-F6FB-49B2-9F7E-F4150A3A0138}.Release|Any CPU.Build.0 = Release|Any CPU
		{EBA5702E-64C7-4621-8076-1F23E1EFDEDD}.Debug|Any CPU.ActiveCfg = Debug|Any CPU
		{EBA5702E-64C7-4621-8076-1F23E1EFDEDD}.Debug|Any CPU.Build.0 = Debug|Any CPU
		{EBA5702E-64C7-4621-8076-1F23E1EFDEDD}.Release|Any CPU.ActiveCfg = Release|Any CPU
		{EBA5702E-64C7-4621-8076-1F23E1EFDEDD}.Release|Any CPU.Build.0 = Release|Any CPU
		{AB2E0BDB-2CC4-8488-55D4-EC0842303E5A}.Debug|Any CPU.ActiveCfg = Debug|Any CPU
		{AB2E0BDB-2CC4-8488-55D4-EC0842303E5A}.Debug|Any CPU.Build.0 = Debug|Any CPU
		{AB2E0BDB-2CC4-8488-55D4-EC0842303E5A}.Release|Any CPU.ActiveCfg = Release|Any CPU
		{AB2E0BDB-2CC4-8488-55D4-EC0842303E5A}.Release|Any CPU.Build.0 = Release|Any CPU
		{6610C0B4-F9B6-ECC4-3AE4-1630E1DA9E20}.Debug|Any CPU.ActiveCfg = Debug|Any CPU
		{6610C0B4-F9B6-ECC4-3AE4-1630E1DA9E20}.Debug|Any CPU.Build.0 = Debug|Any CPU
		{6610C0B4-F9B6-ECC4-3AE4-1630E1DA9E20}.Release|Any CPU.ActiveCfg = Release|Any CPU
		{6610C0B4-F9B6-ECC4-3AE4-1630E1DA9E20}.Release|Any CPU.Build.0 = Release|Any CPU
	EndGlobalSection
	GlobalSection(SolutionProperties) = preSolution
		HideSolutionNode = FALSE
	EndGlobalSection
	GlobalSection(NestedProjects) = preSolution
		{586C6DEA-7347-4294-8D93-A2E2CCE89D10} = {72EACD1C-9DE0-4FE9-9DD5-7691B11C483C}
		{C5E6B9DC-E767-4229-BA28-A95725834FCF} = {72EACD1C-9DE0-4FE9-9DD5-7691B11C483C}
		{10F6F056-6842-42A0-A42E-E5F791EC7404} = {72EACD1C-9DE0-4FE9-9DD5-7691B11C483C}
		{18C8494E-8E80-4EAA-9F47-B5A6FE40F792} = {4FC314CD-5870-40E4-B217-8212B72A0A63}
		{FE59F4F5-6ADD-44E5-A068-8BAFC06C3123} = {4FC314CD-5870-40E4-B217-8212B72A0A63}
		{DCDA66B2-4138-4A67-A023-91A5993F6DC9} = {4FC314CD-5870-40E4-B217-8212B72A0A63}
		{4124E976-0A77-42A6-8E4E-98FE3052D9C7} = {4851580D-183D-4291-AB1B-5601AC320678}
		{03AF070B-57F1-4999-AE36-E468F764C072} = {4851580D-183D-4291-AB1B-5601AC320678}
	EndGlobalSection
	GlobalSection(ExtensibilityGlobals) = postSolution
		SolutionGuid = {738B6E4C-A0AC-413F-9A59-9F8D7BEADFED}
	EndGlobalSection
EndGlobal
