Microsoft Visual Studio Solution File, Format Version 12.00
# Visual Studio Version 18
Project("{9A19103F-16F7-4668-BE54-9A1E7A4F7556}") = "TestXmlSerializer.DF10.2026", "TestXmlSerializer.DF10.2026.csproj", "{ECA2450A-B560-44AF-9C76-C68510741C74}"
EndProject
Project("{9A19103F-16F7-4668-BE54-9A1E7A4F7556}") = "PkUtils.DF10.2026", "..\..\PkUtils\PkUtils.DF10.2026.csproj", "{D15D7F68-C50B-4D6E-BAD7-1BE3AECAC99C}"
EndProject
Global
	GlobalSection(SolutionConfigurationPlatforms) = preSolution
		Debug|Any CPU = Debug|Any CPU
		Release|Any CPU = Release|Any CPU
	EndGlobalSection
	GlobalSection(ProjectConfigurationPlatforms) = postSolution
		{ECA2450A-B560-44AF-9C76-C68510741C74}.Debug|Any CPU.ActiveCfg = Debug|Any CPU
		{ECA2450A-B560-44AF-9C76-C68510741C74}.Debug|Any CPU.Build.0 = Debug|Any CPU
		{ECA2450A-B560-44AF-9C76-C68510741C74}.Release|Any CPU.ActiveCfg = Release|Any CPU
		{ECA2450A-B560-44AF-9C76-C68510741C74}.Release|Any CPU.Build.0 = Release|Any CPU
		{D15D7F68-C50B-4D6E-BAD7-1BE3AECAC99C}.Debug|Any CPU.ActiveCfg = Debug|Any CPU
		{D15D7F68-C50B-4D6E-BAD7-1BE3AECAC99C}.Debug|Any CPU.Build.0 = Debug|Any CPU
		{D15D7F68-C50B-4D6E-BAD7-1BE3AECAC99C}.Release|Any CPU.ActiveCfg = Release|Any CPU
		{D15D7F68-C50B-4D6E-BAD7-1BE3AECAC99C}.Release|Any CPU.Build.0 = Release|Any CPU
	EndGlobalSection
	GlobalSection(SolutionProperties) = preSolution
		HideSolutionNode = FALSE
	EndGlobalSection
EndGlobal
