Microsoft Visual Studio Solution File, Format Version 12.00
# Visual Studio Version 17
VisualStudioVersion = 17.4.33205.214
MinimumVisualStudioVersion = 16.0.0
Project("{9A19103F-16F7-4668-BE54-9A1E7A4F7556}") = "TestSerialPortListener.DF80.2022", "TestSerialPortListener.DF80.2022.csproj", "{C2F118DC-6088-45FC-BC49-48AD390B5E93}"
EndProject
Project("{9A19103F-16F7-4668-BE54-9A1E7A4F7556}") = "PkUtils.DF80.2022", "..\..\PkUtils\PkUtils.DF80.2022.csproj", "{148B4FD4-3C47-4A63-A63D-D87079EB19F0}"
EndProject
Global
	GlobalSection(SolutionConfigurationPlatforms) = preSolution
		Debug|Any CPU = Debug|Any CPU
		Release|Any CPU = Release|Any CPU
	EndGlobalSection
	GlobalSection(ProjectConfigurationPlatforms) = postSolution
		{C2F118DC-6088-45FC-BC49-48AD390B5E93}.Debug|Any CPU.ActiveCfg = Debug|Any CPU
		{C2F118DC-6088-45FC-BC49-48AD390B5E93}.Debug|Any CPU.Build.0 = Debug|Any CPU
		{C2F118DC-6088-45FC-BC49-48AD390B5E93}.Release|Any CPU.ActiveCfg = Release|Any CPU
		{C2F118DC-6088-45FC-BC49-48AD390B5E93}.Release|Any CPU.Build.0 = Release|Any CPU
		{148B4FD4-3C47-4A63-A63D-D87079EB19F0}.Debug|Any CPU.ActiveCfg = Debug|Any CPU
		{148B4FD4-3C47-4A63-A63D-D87079EB19F0}.Debug|Any CPU.Build.0 = Debug|Any CPU
		{148B4FD4-3C47-4A63-A63D-D87079EB19F0}.Release|Any CPU.ActiveCfg = Release|Any CPU
		{148B4FD4-3C47-4A63-A63D-D87079EB19F0}.Release|Any CPU.Build.0 = Release|Any CPU
	EndGlobalSection
	GlobalSection(SolutionProperties) = preSolution
		HideSolutionNode = FALSE
	EndGlobalSection
EndGlobal
