
Microsoft Visual Studio Solution File, Format Version 12.00
# Visual Studio Version 17
VisualStudioVersion = 17.7.34221.43
MinimumVisualStudioVersion = 10.0.40219.1
Project("{9A19103F-16F7-4668-BE54-9A1E7A4F7556}") = "PkUtils_NUnitTests.DF80.2022", "PkUtils_NUnitTests.DF80.2022.csproj", "{DF4455FE-90B7-4FAD-8369-2A66C147A5D9}"
EndProject
Project("{9A19103F-16F7-4668-BE54-9A1E7A4F7556}") = "PkUtils.DF80.2022", "..\PkUtils\PkUtils.DF80.2022.csproj", "{57E96225-A73D-4864-855D-09CC204E72BA}"
EndProject
Global
	GlobalSection(SolutionConfigurationPlatforms) = preSolution
		Debug|Any CPU = Debug|Any CPU
		Release|Any CPU = Release|Any CPU
	EndGlobalSection
	GlobalSection(ProjectConfigurationPlatforms) = postSolution
		{DF4455FE-90B7-4FAD-8369-2A66C147A5D9}.Debug|Any CPU.ActiveCfg = Debug|Any CPU
		{DF4455FE-90B7-4FAD-8369-2A66C147A5D9}.Debug|Any CPU.Build.0 = Debug|Any CPU
		{DF4455FE-90B7-4FAD-8369-2A66C147A5D9}.Release|Any CPU.ActiveCfg = Release|Any CPU
		{DF4455FE-90B7-4FAD-8369-2A66C147A5D9}.Release|Any CPU.Build.0 = Release|Any CPU
		{57E96225-A73D-4864-855D-09CC204E72BA}.Debug|Any CPU.ActiveCfg = Debug|Any CPU
		{57E96225-A73D-4864-855D-09CC204E72BA}.Debug|Any CPU.Build.0 = Debug|Any CPU
		{57E96225-A73D-4864-855D-09CC204E72BA}.Release|Any CPU.ActiveCfg = Release|Any CPU
		{57E96225-A73D-4864-855D-09CC204E72BA}.Release|Any CPU.Build.0 = Release|Any CPU
	EndGlobalSection
	GlobalSection(SolutionProperties) = preSolution
		HideSolutionNode = FALSE
	EndGlobalSection
	GlobalSection(ExtensibilityGlobals) = postSolution
		SolutionGuid = {86394B33-F770-4906-85DB-E95B7A1E62D3}
	EndGlobalSection
EndGlobal
