<?xml version="1.0" encoding="utf-8"?>
<Project ToolsVersion="4.0" xmlns="http://schemas.microsoft.com/developer/msbuild/2003">
  <ItemGroup>
    <Filter Include="Source Files">
      <UniqueIdentifier>{b08252ad-2816-4d9d-bae3-b7d844657e0e}</UniqueIdentifier>
      <Extensions>cpp;c;cxx;rc;def;r;odl;idl;hpj;bat</Extensions>
    </Filter>
    <Filter Include="Header Files">
      <UniqueIdentifier>{39491d55-b4aa-4e08-93a9-b0b09b58fe9b}</UniqueIdentifier>
      <Extensions>h;hpp;hxx;hm;inl</Extensions>
    </Filter>
  </ItemGroup>
  <ItemGroup>
    <ClCompile Include="ClipWrapper.cpp">
      <Filter>Source Files</Filter>
    </ClCompile>
    <ClCompile Include="PkArray.cpp">
      <Filter>Source Files</Filter>
    </ClCompile>
    <ClCompile Include="SelInfo.cpp">
      <Filter>Source Files</Filter>
    </ClCompile>
    <ClCompile Include="StdAfx.cpp">
      <Filter>Source Files</Filter>
    </ClCompile>
    <ClCompile Include="SubstObjectsPhysical.cpp">
      <Filter>Source Files</Filter>
    </ClCompile>
    <ClCompile Include="SubstEdit.cpp">
      <Filter>Source Files</Filter>
    </ClCompile>
  </ItemGroup>
  <ItemGroup>
    <ClInclude Include="ClipWrapper.h">
      <Filter>Header Files</Filter>
    </ClInclude>
    <ClInclude Include="PkArray.h">
      <Filter>Header Files</Filter>
    </ClInclude>
    <ClInclude Include="PKMfcExt_Export.h">
      <Filter>Header Files</Filter>
    </ClInclude>
    <ClInclude Include="SelInfo.h">
      <Filter>Header Files</Filter>
    </ClInclude>
    <ClInclude Include="StdAfx.h">
      <Filter>Header Files</Filter>
    </ClInclude>
    <ClInclude Include="SubstEdit.h">
      <Filter>Header Files</Filter>
    </ClInclude>
    <ClInclude Include="SubstEdit.hpp">
      <Filter>Header Files</Filter>
    </ClInclude>
    <ClInclude Include="SubstMapping.h">
      <Filter>Header Files</Filter>
    </ClInclude>
    <ClInclude Include="SubstMapping.hpp">
      <Filter>Header Files</Filter>
    </ClInclude>
    <ClInclude Include="SubstObjectsLogical.h">
      <Filter>Header Files</Filter>
    </ClInclude>
    <ClInclude Include="SubstObjectsLogical.hpp">
      <Filter>Header Files</Filter>
    </ClInclude>
    <ClInclude Include="SubstObjectsPhysical.h">
      <Filter>Header Files</Filter>
    </ClInclude>
    <ClInclude Include="SubstObjectsPhysical.hpp">
      <Filter>Header Files</Filter>
    </ClInclude>
    <ClInclude Include="RuntimeTpt.h">
      <Filter>Header Files</Filter>
    </ClInclude>
  </ItemGroup>
</Project>