Microsoft Visual Studio Solution File, Format Version 12.00
# Visual Studio Version 17
VisualStudioVersion = 17.4.33205.214
MinimumVisualStudioVersion = 16.0.0
Project("{9A19103F-16F7-4668-BE54-9A1E7A4F7556}") = "TestCSDoesShell_1.DF80.2022", "TestCSDoesShell_1.DF80.2022.csproj", "{DF2C2656-7B40-4432-B90D-E5E2668FB672}"
EndProject
Project("{9A19103F-16F7-4668-BE54-9A1E7A4F7556}") = "PkUtils.DF80.2022", "..\..\PkUtils\PkUtils.DF80.2022.csproj", "{BA63F06B-97F9-4B6F-923A-30C70678B551}"
EndProject
Global
	GlobalSection(SolutionConfigurationPlatforms) = preSolution
		Debug|Any CPU = Debug|Any CPU
		Release|Any CPU = Release|Any CPU
	EndGlobalSection
	GlobalSection(ProjectConfigurationPlatforms) = postSolution
		{DF2C2656-7B40-4432-B90D-E5E2668FB672}.Debug|Any CPU.ActiveCfg = Debug|Any CPU
		{DF2C2656-7B40-4432-B90D-E5E2668FB672}.Debug|Any CPU.Build.0 = Debug|Any CPU
		{DF2C2656-7B40-4432-B90D-E5E2668FB672}.Release|Any CPU.ActiveCfg = Release|Any CPU
		{DF2C2656-7B40-4432-B90D-E5E2668FB672}.Release|Any CPU.Build.0 = Release|Any CPU
		{BA63F06B-97F9-4B6F-923A-30C70678B551}.Debug|Any CPU.ActiveCfg = Debug|Any CPU
		{BA63F06B-97F9-4B6F-923A-30C70678B551}.Debug|Any CPU.Build.0 = Debug|Any CPU
		{BA63F06B-97F9-4B6F-923A-30C70678B551}.Release|Any CPU.ActiveCfg = Release|Any CPU
		{BA63F06B-97F9-4B6F-923A-30C70678B551}.Release|Any CPU.Build.0 = Release|Any CPU
	EndGlobalSection
	GlobalSection(SolutionProperties) = preSolution
		HideSolutionNode = FALSE
	EndGlobalSection
EndGlobal
