Microsoft Visual Studio Solution File, Format Version 12.00
# Visual Studio Version 17
VisualStudioVersion = 17.4.33205.214
MinimumVisualStudioVersion = 10.0.40219.1
Project("{9A19103F-16F7-4668-BE54-9A1E7A4F7556}") = "TestMsgBoxObserver.DF80.2022", "TestMsgBoxObserver.DF80.2022.csproj", "{3294D9AB-4E4C-4544-A7E3-E37A6602B061}"
EndProject
Project("{9A19103F-16F7-4668-BE54-9A1E7A4F7556}") = "PkUtils.DF80.2022", "..\..\PkUtils\PkUtils.DF80.2022.csproj", "{E8759B0E-65E3-41A9-A3E7-E68CDBAEFEF1}"
EndProject
Global
	GlobalSection(SolutionConfigurationPlatforms) = preSolution
		Debug|Any CPU = Debug|Any CPU
		Release|Any CPU = Release|Any CPU
	EndGlobalSection
	GlobalSection(ProjectConfigurationPlatforms) = postSolution
		{3294D9AB-4E4C-4544-A7E3-E37A6602B061}.Debug|Any CPU.ActiveCfg = Debug|Any CPU
		{3294D9AB-4E4C-4544-A7E3-E37A6602B061}.Debug|Any CPU.Build.0 = Debug|Any CPU
		{3294D9AB-4E4C-4544-A7E3-E37A6602B061}.Release|Any CPU.ActiveCfg = Release|Any CPU
		{3294D9AB-4E4C-4544-A7E3-E37A6602B061}.Release|Any CPU.Build.0 = Release|Any CPU
		{E8759B0E-65E3-41A9-A3E7-E68CDBAEFEF1}.Debug|Any CPU.ActiveCfg = Debug|Any CPU
		{E8759B0E-65E3-41A9-A3E7-E68CDBAEFEF1}.Debug|Any CPU.Build.0 = Debug|Any CPU
		{E8759B0E-65E3-41A9-A3E7-E68CDBAEFEF1}.Release|Any CPU.ActiveCfg = Release|Any CPU
		{E8759B0E-65E3-41A9-A3E7-E68CDBAEFEF1}.Release|Any CPU.Build.0 = Release|Any CPU
	EndGlobalSection
	GlobalSection(SolutionProperties) = preSolution
		HideSolutionNode = FALSE
	EndGlobalSection
	GlobalSection(ExtensibilityGlobals) = postSolution
		SolutionGuid = {90975293-A214-4D16-A28B-F79629310164}
	EndGlobalSection
EndGlobal
