Microsoft Visual Studio Solution File, Format Version 12.00
# Visual Studio Version 17
VisualStudioVersion = 17.4.33205.214
MinimumVisualStudioVersion = 16.0.0
Project("{9A19103F-16F7-4668-BE54-9A1E7A4F7556}") = "TestExceptionHelper.DF90.2022", "TestExceptionHelper.DF90.2022.csproj", "{3F34CFDD-48F2-49A1-8E73-8E73D1BE3C4F}"
EndProject
Project("{9A19103F-16F7-4668-BE54-9A1E7A4F7556}") = "PkUtils.DF90.2022", "..\..\PkUtils\PkUtils.DF90.2022.csproj", "{02991ED3-84DD-4574-A21D-82B560386115}"
EndProject
Global
	GlobalSection(SolutionConfigurationPlatforms) = preSolution
		Debug|Any CPU = Debug|Any CPU
		Release|Any CPU = Release|Any CPU
	EndGlobalSection
	GlobalSection(ProjectConfigurationPlatforms) = postSolution
		{3F34CFDD-48F2-49A1-8E73-8E73D1BE3C4F}.Debug|Any CPU.ActiveCfg = Debug|Any CPU
		{3F34CFDD-48F2-49A1-8E73-8E73D1BE3C4F}.Debug|Any CPU.Build.0 = Debug|Any CPU
		{3F34CFDD-48F2-49A1-8E73-8E73D1BE3C4F}.Release|Any CPU.ActiveCfg = Release|Any CPU
		{3F34CFDD-48F2-49A1-8E73-8E73D1BE3C4F}.Release|Any CPU.Build.0 = Release|Any CPU
		{02991ED3-84DD-4574-A21D-82B560386115}.Debug|Any CPU.ActiveCfg = Debug|Any CPU
		{02991ED3-84DD-4574-A21D-82B560386115}.Debug|Any CPU.Build.0 = Debug|Any CPU
		{02991ED3-84DD-4574-A21D-82B560386115}.Release|Any CPU.ActiveCfg = Release|Any CPU
		{02991ED3-84DD-4574-A21D-82B560386115}.Release|Any CPU.Build.0 = Release|Any CPU
	EndGlobalSection
	GlobalSection(SolutionProperties) = preSolution
		HideSolutionNode = FALSE
	EndGlobalSection
EndGlobal
