Microsoft Visual Studio Solution File, Format Version 12.00
# Visual Studio Version 17
VisualStudioVersion = 17.4.33205.214
MinimumVisualStudioVersion = 16.0.0
Project("{9A19103F-16F7-4668-BE54-9A1E7A4F7556}") = "TestMsgBoxYesNoAll.DF80.2022", "TestMsgBoxYesNoAll.DF80.2022.csproj", "{44ED8C55-A40B-4B37-BA64-82FB1F53E116}"
EndProject
Project("{9A19103F-16F7-4668-BE54-9A1E7A4F7556}") = "PkUtils.DF80.2022", "..\..\PkUtils\PkUtils.DF80.2022.csproj", "{B956BAD5-3836-4962-BB0D-A1D97951697B}"
EndProject
Global
	GlobalSection(SolutionConfigurationPlatforms) = preSolution
		Debug|Any CPU = Debug|Any CPU
		Release|Any CPU = Release|Any CPU
	EndGlobalSection
	GlobalSection(ProjectConfigurationPlatforms) = postSolution
		{44ED8C55-A40B-4B37-BA64-82FB1F53E116}.Debug|Any CPU.ActiveCfg = Debug|Any CPU
		{44ED8C55-A40B-4B37-BA64-82FB1F53E116}.Debug|Any CPU.Build.0 = Debug|Any CPU
		{44ED8C55-A40B-4B37-BA64-82FB1F53E116}.Release|Any CPU.ActiveCfg = Release|Any CPU
		{44ED8C55-A40B-4B37-BA64-82FB1F53E116}.Release|Any CPU.Build.0 = Release|Any CPU
		{B956BAD5-3836-4962-BB0D-A1D97951697B}.Debug|Any CPU.ActiveCfg = Debug|Any CPU
		{B956BAD5-3836-4962-BB0D-A1D97951697B}.Debug|Any CPU.Build.0 = Debug|Any CPU
		{B956BAD5-3836-4962-BB0D-A1D97951697B}.Release|Any CPU.ActiveCfg = Release|Any CPU
		{B956BAD5-3836-4962-BB0D-A1D97951697B}.Release|Any CPU.Build.0 = Release|Any CPU
	EndGlobalSection
	GlobalSection(SolutionProperties) = preSolution
		HideSolutionNode = FALSE
	EndGlobalSection
EndGlobal
