Microsoft Visual Studio Solution File, Format Version 12.00
# Visual Studio Version 18
Project("{9A19103F-16F7-4668-BE54-9A1E7A4F7556}") = "TestCSDoesShell_2.DF10.2026", "TestCSDoesShell_2.DF10.2026.csproj", "{FF25EEBE-D212-496D-8CE9-84F4A1CFCE16}"
EndProject
Project("{9A19103F-16F7-4668-BE54-9A1E7A4F7556}") = "PkUtils.DF10.2026", "..\..\PkUtils\PkUtils.DF10.2026.csproj", "{A725F50B-89F9-4D8A-97C5-CDAB68494338}"
EndProject
Global
	GlobalSection(SolutionConfigurationPlatforms) = preSolution
		Debug|Any CPU = Debug|Any CPU
		Release|Any CPU = Release|Any CPU
	EndGlobalSection
	GlobalSection(ProjectConfigurationPlatforms) = postSolution
		{FF25EEBE-D212-496D-8CE9-84F4A1CFCE16}.Debug|Any CPU.ActiveCfg = Debug|Any CPU
		{FF25EEBE-D212-496D-8CE9-84F4A1CFCE16}.Debug|Any CPU.Build.0 = Debug|Any CPU
		{FF25EEBE-D212-496D-8CE9-84F4A1CFCE16}.Release|Any CPU.ActiveCfg = Release|Any CPU
		{FF25EEBE-D212-496D-8CE9-84F4A1CFCE16}.Release|Any CPU.Build.0 = Release|Any CPU
		{A725F50B-89F9-4D8A-97C5-CDAB68494338}.Debug|Any CPU.ActiveCfg = Debug|Any CPU
		{A725F50B-89F9-4D8A-97C5-CDAB68494338}.Debug|Any CPU.Build.0 = Debug|Any CPU
		{A725F50B-89F9-4D8A-97C5-CDAB68494338}.Release|Any CPU.ActiveCfg = Release|Any CPU
		{A725F50B-89F9-4D8A-97C5-CDAB68494338}.Release|Any CPU.Build.0 = Release|Any CPU
	EndGlobalSection
	GlobalSection(SolutionProperties) = preSolution
		HideSolutionNode = FALSE
	EndGlobalSection
EndGlobal
